
Microsoft Visual Studio Solution File, Format Version 12.00
# Visual Studio 15
VisualStudioVersion = 15.0.28307.960
MinimumVisualStudioVersion = 10.0.40219.1
Project("{FAE04EC0-301F-11D3-BF4B-00C04F79EFBC}") = "WcfService1", "WcfService1\WcfService1.csproj", "{841D14EF-65E5-4582-A42E-B5BB3A54E24D}"
EndProject
Global
	GlobalSection(SolutionConfigurationPlatforms) = preSolution
		Debug|Any CPU = Debug|Any CPU
		Release|Any CPU = Release|Any CPU
	EndGlobalSection
	GlobalSection(ProjectConfigurationPlatforms) = postSolution
		{841D14EF-65E5-4582-A42E-B5BB3A54E24D}.Debug|Any CPU.ActiveCfg = Debug|Any CPU
		{841D14EF-65E5-4582-A42E-B5BB3A54E24D}.Debug|Any CPU.Build.0 = Debug|Any CPU
		{841D14EF-65E5-4582-A42E-B5BB3A54E24D}.Release|Any CPU.ActiveCfg = Release|Any CPU
		{841D14EF-65E5-4582-A42E-B5BB3A54E24D}.Release|Any CPU.Build.0 = Release|Any CPU
	EndGlobalSection
	GlobalSection(SolutionProperties) = preSolution
		HideSolutionNode = FALSE
	EndGlobalSection
	GlobalSection(ExtensibilityGlobals) = postSolution
		SolutionGuid = {7D5B0AB2-B456-4143-9A2E-E55CD2D4F6C5}
	EndGlobalSection
EndGlobal
